
Microsoft Visual Studio Solution File, Format Version 12.00
# Visual Studio Version 16
VisualStudioVersion = 16.0.30225.117
MinimumVisualStudioVersion = 10.0.40219.1
Project("{FAE04EC0-301F-11D3-BF4B-00C04F79EFBC}") = "Section10_Exercicio1", "Section10_Exercicio1\Section10_Exercicio1.csproj", "{432B3D67-2CE9-469C-A715-6DBCEE8B9DE7}"
EndProject
Global
	GlobalSection(SolutionConfigurationPlatforms) = preSolution
		Debug|Any CPU = Debug|Any CPU
		Release|Any CPU = Release|Any CPU
	EndGlobalSection
	GlobalSection(ProjectConfigurationPlatforms) = postSolution
		{432B3D67-2CE9-469C-A715-6DBCEE8B9DE7}.Debug|Any CPU.ActiveCfg = Debug|Any CPU
		{432B3D67-2CE9-469C-A715-6DBCEE8B9DE7}.Debug|Any CPU.Build.0 = Debug|Any CPU
		{432B3D67-2CE9-469C-A715-6DBCEE8B9DE7}.Release|Any CPU.ActiveCfg = Release|Any CPU
		{432B3D67-2CE9-469C-A715-6DBCEE8B9DE7}.Release|Any CPU.Build.0 = Release|Any CPU
	EndGlobalSection
	GlobalSection(SolutionProperties) = preSolution
		HideSolutionNode = FALSE
	EndGlobalSection
	GlobalSection(ExtensibilityGlobals) = postSolution
		SolutionGuid = {B46934B6-C9AE-43CD-AFE0-6A2916EB2283}
	EndGlobalSection
EndGlobal
